
Microsoft Visual Studio Solution File, Format Version 12.00
# Visual Studio 15
VisualStudioVersion = 15.0.28307.1209
MinimumVisualStudioVersion = 10.0.40219.1
Project("{FAE04EC0-301F-11D3-BF4B-00C04F79EFBC}") = "ImageOCRExample", "ImageOCRExample\ImageOCRExample.csproj", "{D391E623-F337-41CB-8F4D-908E0060F934}"
EndProject
Project("{FAE04EC0-301F-11D3-BF4B-00C04F79EFBC}") = "NumbersOCR", "NumbersOCR\NumbersOCR.csproj", "{0925FD13-8638-42D9-AA5B-1D15757F18B1}"
EndProject
Global
	GlobalSection(SolutionConfigurationPlatforms) = preSolution
		Debug|Any CPU = Debug|Any CPU
		Release|Any CPU = Release|Any CPU
	EndGlobalSection
	GlobalSection(ProjectConfigurationPlatforms) = postSolution
		{D391E623-F337-41CB-8F4D-908E0060F934}.Debug|Any CPU.ActiveCfg = Debug|Any CPU
		{D391E623-F337-41CB-8F4D-908E0060F934}.Debug|Any CPU.Build.0 = Debug|Any CPU
		{D391E623-F337-41CB-8F4D-908E0060F934}.Release|Any CPU.ActiveCfg = Release|Any CPU
		{D391E623-F337-41CB-8F4D-908E0060F934}.Release|Any CPU.Build.0 = Release|Any CPU
		{0925FD13-8638-42D9-AA5B-1D15757F18B1}.Debug|Any CPU.ActiveCfg = Debug|Any CPU
		{0925FD13-8638-42D9-AA5B-1D15757F18B1}.Debug|Any CPU.Build.0 = Debug|Any CPU
		{0925FD13-8638-42D9-AA5B-1D15757F18B1}.Release|Any CPU.ActiveCfg = Release|Any CPU
		{0925FD13-8638-42D9-AA5B-1D15757F18B1}.Release|Any CPU.Build.0 = Release|Any CPU
	EndGlobalSection
	GlobalSection(SolutionProperties) = preSolution
		HideSolutionNode = FALSE
	EndGlobalSection
	GlobalSection(ExtensibilityGlobals) = postSolution
		SolutionGuid = {E280449D-75AA-47D8-8AEC-A7484911E315}
	EndGlobalSection
EndGlobal
